
Microsoft Visual Studio Solution File, Format Version 12.00
# Visual Studio Version 17
VisualStudioVersion = 17.3.32819.101
MinimumVisualStudioVersion = 10.0.40219.1
Project("{FAE04EC0-301F-11D3-BF4B-00C04F79EFBC}") = "Wpf_Work_17", "Wpf_Work_17\Wpf_Work_17.csproj", "{AA28DD62-0035-47F5-9E14-58A2832301B9}"
EndProject
Global
	GlobalSection(SolutionConfigurationPlatforms) = preSolution
		Debug|Any CPU = Debug|Any CPU
		Release|Any CPU = Release|Any CPU
	EndGlobalSection
	GlobalSection(ProjectConfigurationPlatforms) = postSolution
		{AA28DD62-0035-47F5-9E14-58A2832301B9}.Debug|Any CPU.ActiveCfg = Debug|Any CPU
		{AA28DD62-0035-47F5-9E14-58A2832301B9}.Debug|Any CPU.Build.0 = Debug|Any CPU
		{AA28DD62-0035-47F5-9E14-58A2832301B9}.Release|Any CPU.ActiveCfg = Release|Any CPU
		{AA28DD62-0035-47F5-9E14-58A2832301B9}.Release|Any CPU.Build.0 = Release|Any CPU
	EndGlobalSection
	GlobalSection(SolutionProperties) = preSolution
		HideSolutionNode = FALSE
	EndGlobalSection
	GlobalSection(ExtensibilityGlobals) = postSolution
		SolutionGuid = {4770D02D-E6EB-4BDC-BDCC-5DEF8E8FBC35}
	EndGlobalSection
EndGlobal
